
Microsoft Visual Studio Solution File, Format Version 12.00
# Visual Studio Version 16
VisualStudioVersion = 16.0.29020.237
MinimumVisualStudioVersion = 10.0.40219.1
Project("{FAE04EC0-301F-11D3-BF4B-00C04F79EFBC}") = "MoukaMoukaApi", "MoukaMoukaApi\MoukaMoukaApi.csproj", "{7084AB7F-4B3A-4323-A32B-ABE4F2D509B1}"
EndProject
Global
	GlobalSection(SolutionConfigurationPlatforms) = preSolution
		Debug|Any CPU = Debug|Any CPU
		Release|Any CPU = Release|Any CPU
	EndGlobalSection
	GlobalSection(ProjectConfigurationPlatforms) = postSolution
		{7084AB7F-4B3A-4323-A32B-ABE4F2D509B1}.Debug|Any CPU.ActiveCfg = Debug|Any CPU
		{7084AB7F-4B3A-4323-A32B-ABE4F2D509B1}.Debug|Any CPU.Build.0 = Debug|Any CPU
		{7084AB7F-4B3A-4323-A32B-ABE4F2D509B1}.Release|Any CPU.ActiveCfg = Release|Any CPU
		{7084AB7F-4B3A-4323-A32B-ABE4F2D509B1}.Release|Any CPU.Build.0 = Release|Any CPU
	EndGlobalSection
	GlobalSection(SolutionProperties) = preSolution
		HideSolutionNode = FALSE
	EndGlobalSection
	GlobalSection(ExtensibilityGlobals) = postSolution
		SolutionGuid = {363176DF-E0F2-43A9-94D8-F11C26078E50}
	EndGlobalSection
EndGlobal
